
Microsoft Visual Studio Solution File, Format Version 12.00
# Visual Studio Version 16
VisualStudioVersion = 16.0.31624.102
MinimumVisualStudioVersion = 10.0.40219.1
Project("{FAE04EC0-301F-11D3-BF4B-00C04F79EFBC}") = "LaightTask", "LaightTask\LaightTask.csproj", "{BD085C3F-086F-4C82-9453-9729C5F5D7B6}"
EndProject
Global
	GlobalSection(SolutionConfigurationPlatforms) = preSolution
		Debug|Any CPU = Debug|Any CPU
		Release|Any CPU = Release|Any CPU
	EndGlobalSection
	GlobalSection(ProjectConfigurationPlatforms) = postSolution
		{BD085C3F-086F-4C82-9453-9729C5F5D7B6}.Debug|Any CPU.ActiveCfg = Debug|Any CPU
		{BD085C3F-086F-4C82-9453-9729C5F5D7B6}.Debug|Any CPU.Build.0 = Debug|Any CPU
		{BD085C3F-086F-4C82-9453-9729C5F5D7B6}.Release|Any CPU.ActiveCfg = Release|Any CPU
		{BD085C3F-086F-4C82-9453-9729C5F5D7B6}.Release|Any CPU.Build.0 = Release|Any CPU
	EndGlobalSection
	GlobalSection(SolutionProperties) = preSolution
		HideSolutionNode = FALSE
	EndGlobalSection
	GlobalSection(ExtensibilityGlobals) = postSolution
		SolutionGuid = {45F2225A-6045-46E9-AF28-801F6AD70EAC}
	EndGlobalSection
EndGlobal
